github.com/BurntSushi/toml v0.3.1 h1:WXkYYl6Yr3qBf1K79EBnL4mak0OimBfB0XUf9Vl28OQ=
github.com/BurntSushi/toml v0.3.1/go.mod h1:xHWCNGjB5oqiDr8zfno3MHue2Ht5sIBksp03qcyfWMU=
github.com/cdutwhu/debog v0.2.10 h1:c8KfU09aU+6IcxtFs5mvTVkoF4WW24pTMqBjnQqyWbs=
github.com/cdutwhu/debog v0.2.10/go.mod h1:1aTerK2VgeCIvf3Ss4J+zUzhEivYSwJyGWUSu3m6+OU=
github.com/cdutwhu/gonfig v0.0.0-20201023060437-1964b194abe9 h1:BYyGlfh+d9K+gR8PBv8NLAmDa+07wKk5zw8m8yzxE50=
github.com/cdutwhu/gonfig v0.0.0-20201023060437-1964b194abe9/go.mod h1:33iZXaWjSdz4eUJfBbxXAgFyKxTxAJnSEL1gS1pdxaQ=
github.com/cdutwhu/gotil v0.1.7/go.mod h1:yI4md0Ig5cY/bT2AHq4n/XnSl3fo2eYYvFSGAv31QHQ=
github.com/cdutwhu/gotil v0.1.8 h1:PmB2Cg8dW5i9R6Wr4JbzT8tEOMYp9CC7AH+qkIa1wLs=
github.com/cdutwhu/gotil v0.1.8/go.mod h1:yI4md0Ig5cY/bT2AHq4n/XnSl3fo2eYYvFSGAv31QHQ=
github.com/cdutwhu/json-tool v0.0.0-20201022053104-092fa71fd04c h1:UHzSvTPqT70JGOdov6mqhc0KCnU9zdVYJrAU0uQ5K1E=
github.com/cdutwhu/json-tool v0.0.0-20201022053104-092fa71fd04c/go.mod h1:CtVmz87oMBIdrAiKAJ6L5D01Fw8KwL8a0wTCYwwT6tc=
github.com/cdutwhu/n3-util v0.3.11 h1:c6UE8RAH3trWg0wky7UjhoD5olzqGGnH4K3/vZ2v1UE=
github.com/cdutwhu/n3-util v0.3.11/go.mod h1:u2nXXH2Z/odJuu4OvU80Xwe2vQqbN8sVjWFyoO3//XY=
github.com/clbanning/mxj v1.8.4 h1:HuhwZtbyvyOw+3Z1AowPkU87JkJUSv751ELWaiTpj8I=
github.com/clbanning/mxj v1.8.4/go.mod h1:BVjHeAH+rl9rs6f+QIpeRl0tfu10SXn1pUSa5PVGJng=
github.com/davecgh/go-spew v1.1.0/go.mod h1:J7Y8YcW2NihsgmVo/mv3lAwl/skON4iLHjSsI+c5H38=
github.com/davecgh/go-spew v1.1.1/go.mod h1:J7Y8YcW2NihsgmVo/mv3lAwl/skON4iLHjSsI+c5H38=
github.com/go-xmlfmt/xmlfmt v0.0.0-20191208150333-d5b6f63a941b/go.mod h1:aUCEOzzezBEjDBbFBoSiya/gduyIiWYRP6CnSFIV8AM=
github.com/gookit/color v1.2.8/go.mod h1:AhIE+pS6D4Ql0SQWbBeXPHw7gY0/sjHoA4s/n1KB7xg=
github.com/gookit/color v1.3.1 h1:PPD/C7sf8u2L8XQPdPgsWRoAiLQGZEZOzU3cf5IYYUk=
github.com/gookit/color v1.3.1/go.mod h1:R3ogXq2B9rTbXoSHJ1HyUVAZ3poOJHpd9nQmyGZsfvQ=
github.com/konsorten/go-windows-terminal-sequences v1.0.3/go.mod h1:T0+1ngSBFLxvqU3pZ+m/2kptfBszLMUkC4ZK/EgS/cQ=
github.com/opentracing/opentracing-go v1.2.0/go.mod h1:GxEUsuufX4nBwe+T+Wl9TAgYrxe9dPLANfrWvHYVTgc=
github.com/peterbourgon/mergemap v0.0.0-20130613134717-e21c03b7a721 h1:ArxMo6jAOO2KuRsepZ0hTaH4hZCi2CCW4P9PV59HHH0=
github.com/peterbourgon/mergemap v0.0.0-20130613134717-e21c03b7a721/go.mod h1:jQyRpOpE/KbvPc0VKXjAqctYglwUO5W6zAcGcFfbvlo=
github.com/pkg/errors v0.9.1/go.mod h1:bwawxfHBFNV+L2hUp1rHADufV3IMtnDRdf1r5NINEl0=
github.com/pmezard/go-difflib v1.0.0/go.mod h1:iKH77koFhYxTK1pcRnkKkqfTogsbg7gZNVY4sRDYZ/4=
github.com/sirupsen/logrus v1.6.0/go.mod h1:7uNnSEd1DgxDLC74fIahvMZmmYsHGZGEOFrfsX/uA88=
github.com/stretchr/objx v0.1.0/go.mod h1:HFkY916IF+rwdDfMAkV7OtwuqBVzrE8GR6GFx+wExME=
github.com/stretchr/testify v1.2.2/go.mod h1:a8OnRcib4nhh0OaRAV+Yts87kKdq0PP7pXfy6kDkUVs=
github.com/stretchr/testify v1.3.0/go.mod h1:M5WIy9Dh21IEIfnGCwXGc5bZfKNJtfHm1UVUgZn+9EI=
github.com/uber/jaeger-client-go v2.25.0+incompatible/go.mod h1:WVhlPFC8FDjOFMMWRy2pZqQJSXxYSwNYOkTr/Z6d3Kk=
github.com/uber/jaeger-lib v2.3.0+incompatible/go.mod h1:ComeNDZlWwrWnDv8aPp0Ba6+uUTzImX/AauajbLI56U=
go.uber.org/atomic v1.7.0/go.mod h1:fEN4uk6kAWBTFdckzkM89CLk9XfWZrxpCo0nPH17wJc=
golang.org/x/sys v0.0.0-20190422165155-953cdadca894/go.mod h1:h1NjWce9XRLGQEsW7wpKNCjG9DtNlClVuFLEZdDNbEs=
golang.org/x/sys v0.0.0-20200923182605-d9f96fdee20d/go.mod h1:h1NjWce9XRLGQEsW7wpKNCjG9DtNlClVuFLEZdDNbEs=
